
Microsoft Visual Studio Solution File, Format Version 12.00
# Visual Studio Version 17
VisualStudioVersion = 17.8.34316.72
MinimumVisualStudioVersion = 10.0.40219.1
Project("{9A19103F-16F7-4668-BE54-9A1E7A4F7556}") = "WLEDAnimated", "WLEDAnimated\WLEDAnimated.csproj", "{9E0D6006-5EC8-4059-810C-E2CA0B98A38B}"
EndProject
Project("{2150E333-8FDC-42A3-9474-1A3956D46DE8}") = "Solution Items", "Solution Items", "{C4AB5FA0-98E7-4EF3-815E-81A5D34BAF02}"
	ProjectSection(SolutionItems) = preProject
		.gitignore = .gitignore
		.github\workflows\build_deploy.yml = .github\workflows\build_deploy.yml
		Dockerfile = Dockerfile
		.github\workflows\dotnet-publish.yml = .github\workflows\dotnet-publish.yml
	EndProjectSection
EndProject
Project("{9A19103F-16F7-4668-BE54-9A1E7A4F7556}") = "WLEDAnimated.API", "WLEDAnimated.API\WLEDAnimated.API.csproj", "{C0C94B64-3A53-4392-8874-F4980F40D7E2}"
EndProject
Project("{9A19103F-16F7-4668-BE54-9A1E7A4F7556}") = "Kevsoft.WLED", "Kevsoft.WLED\Kevsoft.WLED.csproj", "{5DB272EC-892C-4B45-9B64-6B76573E3954}"
EndProject
Project("{9A19103F-16F7-4668-BE54-9A1E7A4F7556}") = "AnimationCore", "AnimationCore\AnimationCore.csproj", "{914E2B48-8DA1-4009-A7A8-554210A1D77B}"
EndProject
Project("{9A19103F-16F7-4668-BE54-9A1E7A4F7556}") = "TPM2", "TPM2\TPM2.csproj", "{A3BB57A2-B1D2-4146-B24B-7155D60A12D8}"
EndProject
Project("{9A19103F-16F7-4668-BE54-9A1E7A4F7556}") = "ScrollingTextPlugins", "ScrollingTextPlugins\ScrollingTextPlugins.csproj", "{5D870E9B-049E-4123-9BD1-7A12CEC33209}"
EndProject
Project("{FAE04EC0-301F-11D3-BF4B-00C04F79EFBC}") = "ImageGeneration", "ImageGeneration\ImageGeneration.csproj", "{D1F29999-80DB-4C49-960C-1E334407C19E}"
EndProject
Global
	GlobalSection(SolutionConfigurationPlatforms) = preSolution
		Debug|Any CPU = Debug|Any CPU
		Release|Any CPU = Release|Any CPU
	EndGlobalSection
	GlobalSection(ProjectConfigurationPlatforms) = postSolution
		{9E0D6006-5EC8-4059-810C-E2CA0B98A38B}.Debug|Any CPU.ActiveCfg = Debug|Any CPU
		{9E0D6006-5EC8-4059-810C-E2CA0B98A38B}.Debug|Any CPU.Build.0 = Debug|Any CPU
		{9E0D6006-5EC8-4059-810C-E2CA0B98A38B}.Release|Any CPU.ActiveCfg = Release|Any CPU
		{9E0D6006-5EC8-4059-810C-E2CA0B98A38B}.Release|Any CPU.Build.0 = Release|Any CPU
		{C0C94B64-3A53-4392-8874-F4980F40D7E2}.Debug|Any CPU.ActiveCfg = Debug|Any CPU
		{C0C94B64-3A53-4392-8874-F4980F40D7E2}.Debug|Any CPU.Build.0 = Debug|Any CPU
		{C0C94B64-3A53-4392-8874-F4980F40D7E2}.Release|Any CPU.ActiveCfg = Release|Any CPU
		{C0C94B64-3A53-4392-8874-F4980F40D7E2}.Release|Any CPU.Build.0 = Release|Any CPU
		{5DB272EC-892C-4B45-9B64-6B76573E3954}.Debug|Any CPU.ActiveCfg = Debug|Any CPU
		{5DB272EC-892C-4B45-9B64-6B76573E3954}.Debug|Any CPU.Build.0 = Debug|Any CPU
		{5DB272EC-892C-4B45-9B64-6B76573E3954}.Release|Any CPU.ActiveCfg = Release|Any CPU
		{5DB272EC-892C-4B45-9B64-6B76573E3954}.Release|Any CPU.Build.0 = Release|Any CPU
		{914E2B48-8DA1-4009-A7A8-554210A1D77B}.Debug|Any CPU.ActiveCfg = Debug|Any CPU
		{914E2B48-8DA1-4009-A7A8-554210A1D77B}.Debug|Any CPU.Build.0 = Debug|Any CPU
		{914E2B48-8DA1-4009-A7A8-554210A1D77B}.Release|Any CPU.ActiveCfg = Release|Any CPU
		{914E2B48-8DA1-4009-A7A8-554210A1D77B}.Release|Any CPU.Build.0 = Release|Any CPU
		{A3BB57A2-B1D2-4146-B24B-7155D60A12D8}.Debug|Any CPU.ActiveCfg = Debug|Any CPU
		{A3BB57A2-B1D2-4146-B24B-7155D60A12D8}.Debug|Any CPU.Build.0 = Debug|Any CPU
		{A3BB57A2-B1D2-4146-B24B-7155D60A12D8}.Release|Any CPU.ActiveCfg = Release|Any CPU
		{A3BB57A2-B1D2-4146-B24B-7155D60A12D8}.Release|Any CPU.Build.0 = Release|Any CPU
		{5D870E9B-049E-4123-9BD1-7A12CEC33209}.Debug|Any CPU.ActiveCfg = Debug|Any CPU
		{5D870E9B-049E-4123-9BD1-7A12CEC33209}.Debug|Any CPU.Build.0 = Debug|Any CPU
		{5D870E9B-049E-4123-9BD1-7A12CEC33209}.Release|Any CPU.ActiveCfg = Release|Any CPU
		{5D870E9B-049E-4123-9BD1-7A12CEC33209}.Release|Any CPU.Build.0 = Release|Any CPU
		{D1F29999-80DB-4C49-960C-1E334407C19E}.Debug|Any CPU.ActiveCfg = Debug|Any CPU
		{D1F29999-80DB-4C49-960C-1E334407C19E}.Debug|Any CPU.Build.0 = Debug|Any CPU
		{D1F29999-80DB-4C49-960C-1E334407C19E}.Release|Any CPU.ActiveCfg = Release|Any CPU
		{D1F29999-80DB-4C49-960C-1E334407C19E}.Release|Any CPU.Build.0 = Release|Any CPU
	EndGlobalSection
	GlobalSection(SolutionProperties) = preSolution
		HideSolutionNode = FALSE
	EndGlobalSection
	GlobalSection(ExtensibilityGlobals) = postSolution
		SolutionGuid = {D8D3A775-23D2-4870-9C94-0A9845E89C5B}
	EndGlobalSection
EndGlobal
