
Microsoft Visual Studio Solution File, Format Version 12.00
# Visual Studio Version 17
VisualStudioVersion = 17.5.002.0
MinimumVisualStudioVersion = 10.0.40219.1
Project("{9A19103F-16F7-4668-BE54-9A1E7A4F7556}") = "WLEDAnimated.API", "WLEDAnimated.API.csproj", "{39189F12-7972-4A95-9C1E-0B27BE55DF04}"
EndProject
Global
	GlobalSection(SolutionConfigurationPlatforms) = preSolution
		Debug|Any CPU = Debug|Any CPU
		Release|Any CPU = Release|Any CPU
	EndGlobalSection
	GlobalSection(ProjectConfigurationPlatforms) = postSolution
		{39189F12-7972-4A95-9C1E-0B27BE55DF04}.Debug|Any CPU.ActiveCfg = Debug|Any CPU
		{39189F12-7972-4A95-9C1E-0B27BE55DF04}.Debug|Any CPU.Build.0 = Debug|Any CPU
		{39189F12-7972-4A95-9C1E-0B27BE55DF04}.Release|Any CPU.ActiveCfg = Release|Any CPU
		{39189F12-7972-4A95-9C1E-0B27BE55DF04}.Release|Any CPU.Build.0 = Release|Any CPU
	EndGlobalSection
	GlobalSection(SolutionProperties) = preSolution
		HideSolutionNode = FALSE
	EndGlobalSection
	GlobalSection(ExtensibilityGlobals) = postSolution
		SolutionGuid = {969992C2-4BDF-438A-A153-07CBDC8D4235}
	EndGlobalSection
EndGlobal
